
Microsoft Visual Studio Solution File, Format Version 12.00
# Visual Studio 15
VisualStudioVersion = 15.0.28307.1758
MinimumVisualStudioVersion = 10.0.40219.1
Project("{FAE04EC0-301F-11D3-BF4B-00C04F79EFBC}") = "MySQL_Login", "MySQL_Login\MySQL_Login.csproj", "{11CD33E8-6384-4545-8219-77327726E937}"
EndProject
Project("{FAE04EC0-301F-11D3-BF4B-00C04F79EFBC}") = "TEST_Form", "TEST_Form\TEST_Form.csproj", "{972E7FCF-11BF-47FC-815B-4294518DEF7F}"
EndProject
Global
	GlobalSection(SolutionConfigurationPlatforms) = preSolution
		Debug|Any CPU = Debug|Any CPU
		Release|Any CPU = Release|Any CPU
	EndGlobalSection
	GlobalSection(ProjectConfigurationPlatforms) = postSolution
		{11CD33E8-6384-4545-8219-77327726E937}.Debug|Any CPU.ActiveCfg = Debug|Any CPU
		{11CD33E8-6384-4545-8219-77327726E937}.Debug|Any CPU.Build.0 = Debug|Any CPU
		{11CD33E8-6384-4545-8219-77327726E937}.Release|Any CPU.ActiveCfg = Release|Any CPU
		{11CD33E8-6384-4545-8219-77327726E937}.Release|Any CPU.Build.0 = Release|Any CPU
		{972E7FCF-11BF-47FC-815B-4294518DEF7F}.Debug|Any CPU.ActiveCfg = Debug|Any CPU
		{972E7FCF-11BF-47FC-815B-4294518DEF7F}.Debug|Any CPU.Build.0 = Debug|Any CPU
		{972E7FCF-11BF-47FC-815B-4294518DEF7F}.Release|Any CPU.ActiveCfg = Release|Any CPU
		{972E7FCF-11BF-47FC-815B-4294518DEF7F}.Release|Any CPU.Build.0 = Release|Any CPU
	EndGlobalSection
	GlobalSection(SolutionProperties) = preSolution
		HideSolutionNode = FALSE
	EndGlobalSection
	GlobalSection(ExtensibilityGlobals) = postSolution
		SolutionGuid = {07DB0A83-7934-404F-845A-EE2BB626DB05}
	EndGlobalSection
EndGlobal
